
Microsoft Visual Studio Solution File, Format Version 12.00
# Visual Studio Version 17
VisualStudioVersion = 17.14.36804.6 d17.14
MinimumVisualStudioVersion = 10.0.40219.1
Project("{FAE04EC0-301F-11D3-BF4B-00C04F79EFBC}") = "Samaro", "Samaro.csproj", "{C26271F0-C9C4-4FF1-BAC4-90F9AB41A814}"
EndProject
Global
	GlobalSection(SolutionConfigurationPlatforms) = preSolution
		Debug|Any CPU = Debug|Any CPU
		Release|Any CPU = Release|Any CPU
	EndGlobalSection
	GlobalSection(ProjectConfigurationPlatforms) = postSolution
		{C26271F0-C9C4-4FF1-BAC4-90F9AB41A814}.Debug|Any CPU.ActiveCfg = Debug|Any CPU
		{C26271F0-C9C4-4FF1-BAC4-90F9AB41A814}.Debug|Any CPU.Build.0 = Debug|Any CPU
		{C26271F0-C9C4-4FF1-BAC4-90F9AB41A814}.Release|Any CPU.ActiveCfg = Release|Any CPU
		{C26271F0-C9C4-4FF1-BAC4-90F9AB41A814}.Release|Any CPU.Build.0 = Release|Any CPU
	EndGlobalSection
	GlobalSection(SolutionProperties) = preSolution
		HideSolutionNode = FALSE
	EndGlobalSection
	GlobalSection(ExtensibilityGlobals) = postSolution
		SolutionGuid = {54BEE4C4-9B50-44AA-BD1D-52440DA9BEB6}
	EndGlobalSection
EndGlobal
